
Microsoft Visual Studio Solution File, Format Version 12.00
# Visual Studio Version 16
VisualStudioVersion = 16.0.30114.105
MinimumVisualStudioVersion = 10.0.40219.1
Project("{FAE04EC0-301F-11D3-BF4B-00C04F79EFBC}") = "Ultraviolet.VisualStudio.Uvss", "Ultraviolet.VisualStudio.Uvss\Ultraviolet.VisualStudio.Uvss.csproj", "{978693FB-F175-455D-8957-8CB73E76D780}"
EndProject
Project("{2150E333-8FDC-42A3-9474-1A3956D46DE8}") = "Solution Items", "Solution Items", "{EE739C17-5538-4A61-B4A6-778DDF28762E}"
	ProjectSection(SolutionItems) = preProject
		..\Ultraviolet.Core.Tests\Ultraviolet.Core.Tests.csproj = ..\Ultraviolet.Core.Tests\Ultraviolet.Core.Tests.csproj
	EndProjectSection
EndProject
Global
	GlobalSection(SolutionConfigurationPlatforms) = preSolution
		Debug|Any CPU = Debug|Any CPU
		Debug|x64 = Debug|x64
		Debug|x86 = Debug|x86
		Release|Any CPU = Release|Any CPU
		Release|x64 = Release|x64
		Release|x86 = Release|x86
	EndGlobalSection
	GlobalSection(ProjectConfigurationPlatforms) = postSolution
		{978693FB-F175-455D-8957-8CB73E76D780}.Debug|Any CPU.ActiveCfg = Debug|Any CPU
		{978693FB-F175-455D-8957-8CB73E76D780}.Debug|Any CPU.Build.0 = Debug|Any CPU
		{978693FB-F175-455D-8957-8CB73E76D780}.Debug|x64.ActiveCfg = Debug|Any CPU
		{978693FB-F175-455D-8957-8CB73E76D780}.Debug|x64.Build.0 = Debug|Any CPU
		{978693FB-F175-455D-8957-8CB73E76D780}.Debug|x86.ActiveCfg = Debug|Any CPU
		{978693FB-F175-455D-8957-8CB73E76D780}.Debug|x86.Build.0 = Debug|Any CPU
		{978693FB-F175-455D-8957-8CB73E76D780}.Release|Any CPU.ActiveCfg = Release|Any CPU
		{978693FB-F175-455D-8957-8CB73E76D780}.Release|Any CPU.Build.0 = Release|Any CPU
		{978693FB-F175-455D-8957-8CB73E76D780}.Release|x64.ActiveCfg = Release|Any CPU
		{978693FB-F175-455D-8957-8CB73E76D780}.Release|x64.Build.0 = Release|Any CPU
		{978693FB-F175-455D-8957-8CB73E76D780}.Release|x86.ActiveCfg = Release|Any CPU
		{978693FB-F175-455D-8957-8CB73E76D780}.Release|x86.Build.0 = Release|Any CPU
	EndGlobalSection
	GlobalSection(SolutionProperties) = preSolution
		HideSolutionNode = FALSE
	EndGlobalSection
	GlobalSection(ExtensibilityGlobals) = postSolution
		SolutionGuid = {3345CCA4-E44A-43E9-882F-144E720FD0C9}
	EndGlobalSection
EndGlobal
